
Microsoft Visual Studio Solution File, Format Version 12.00
# Visual Studio 15
VisualStudioVersion = 15.0.27130.2026
MinimumVisualStudioVersion = 10.0.40219.1
Project("{FAE04EC0-301F-11D3-BF4B-00C04F79EFBC}") = "Wpf_AVL", "Wpf_AVL\Wpf_AVL.csproj", "{7FFB4752-94C5-44C6-961F-5ECB3B1BC061}"
EndProject
Global
	GlobalSection(SolutionConfigurationPlatforms) = preSolution
		Debug|Any CPU = Debug|Any CPU
		Release|Any CPU = Release|Any CPU
	EndGlobalSection
	GlobalSection(ProjectConfigurationPlatforms) = postSolution
		{7FFB4752-94C5-44C6-961F-5ECB3B1BC061}.Debug|Any CPU.ActiveCfg = Debug|Any CPU
		{7FFB4752-94C5-44C6-961F-5ECB3B1BC061}.Debug|Any CPU.Build.0 = Debug|Any CPU
		{7FFB4752-94C5-44C6-961F-5ECB3B1BC061}.Release|Any CPU.ActiveCfg = Release|Any CPU
		{7FFB4752-94C5-44C6-961F-5ECB3B1BC061}.Release|Any CPU.Build.0 = Release|Any CPU
	EndGlobalSection
	GlobalSection(SolutionProperties) = preSolution
		HideSolutionNode = FALSE
	EndGlobalSection
	GlobalSection(ExtensibilityGlobals) = postSolution
		SolutionGuid = {1A712D22-5C41-48B6-B037-89F51985DA3E}
	EndGlobalSection
	GlobalSection(TeamFoundationVersionControl) = preSolution
		SccNumberOfProjects = 2
		SccEnterpriseProvider = {4CA58AB2-18FA-4F8D-95D4-32DDF27D184C}
		SccTeamFoundationServer = https://ngotrung.visualstudio.com/
		SccLocalPath0 = .
		SccProjectUniqueName1 = Wpf_AVL\\Wpf_AVL.csproj
		SccProjectName1 = Wpf_AVL
		SccLocalPath1 = Wpf_AVL
	EndGlobalSection
EndGlobal
